
Microsoft Visual Studio Solution File, Format Version 12.00
# Visual Studio Version 17
VisualStudioVersion = 17.14.36401.2 d17.14
MinimumVisualStudioVersion = 10.0.40219.1
Project("{FAE04EC0-301F-11D3-BF4B-00C04F79EFBC}") = "HMI for Wafer-Handling-System", "HMI for Wafer-Handling-System.csproj", "{B7984C1F-CF5F-4F2C-AD6D-B140A27EA897}"
EndProject
Project("{2150E333-8FDC-42A3-9474-1A3956D46DE8}") = "Models", "Models", "{02EA681E-C7D8-13C7-8484-4AC65E1B71E8}"
	ProjectSection(SolutionItems) = preProject
		Slot.cs = Slot.cs
	EndProjectSection
EndProject
Project("{2150E333-8FDC-42A3-9474-1A3956D46DE8}") = "ViewModels", "ViewModels", "{14175480-ADB5-405F-BC8D-DC30252B801E}"
	ProjectSection(SolutionItems) = preProject
		LoadPortViewModel.cs = LoadPortViewModel.cs
		MainViewModel.cs = MainViewModel.cs
		RobotViewModel.cs = RobotViewModel.cs
		TransferCommand.cs = TransferCommand.cs
	EndProjectSection
EndProject
Project("{2150E333-8FDC-42A3-9474-1A3956D46DE8}") = "Views", "Views", "{85B850C9-C49D-4307-864F-7B0372F8B3A2}"
	ProjectSection(SolutionItems) = preProject
		LoadPortControl.xaml = LoadPortControl.xaml
		LoadPortControl.xaml.cs = LoadPortControl.xaml.cs
		MainWindow.xaml = MainWindow.xaml
		MainWindow.xaml.cs = MainWindow.xaml.cs
		RobotArmControl.xaml = RobotArmControl.xaml
		RobotArmControl.xaml.cs = RobotArmControl.xaml.cs
		WaferColorConverter.cs = WaferColorConverter.cs
	EndProjectSection
EndProject
Global
	GlobalSection(SolutionConfigurationPlatforms) = preSolution
		Debug|Any CPU = Debug|Any CPU
		Release|Any CPU = Release|Any CPU
	EndGlobalSection
	GlobalSection(ProjectConfigurationPlatforms) = postSolution
		{B7984C1F-CF5F-4F2C-AD6D-B140A27EA897}.Debug|Any CPU.ActiveCfg = Debug|Any CPU
		{B7984C1F-CF5F-4F2C-AD6D-B140A27EA897}.Debug|Any CPU.Build.0 = Debug|Any CPU
		{B7984C1F-CF5F-4F2C-AD6D-B140A27EA897}.Release|Any CPU.ActiveCfg = Release|Any CPU
		{B7984C1F-CF5F-4F2C-AD6D-B140A27EA897}.Release|Any CPU.Build.0 = Release|Any CPU
	EndGlobalSection
	GlobalSection(SolutionProperties) = preSolution
		HideSolutionNode = FALSE
	EndGlobalSection
	GlobalSection(ExtensibilityGlobals) = postSolution
		SolutionGuid = {1516403B-F561-4AD2-9132-55EC09CF132D}
	EndGlobalSection
EndGlobal
